
Microsoft Visual Studio Solution File, Format Version 12.00
# Visual Studio Version 17
VisualStudioVersion = 17.5.33414.496
MinimumVisualStudioVersion = 10.0.40219.1
Project("{2150E333-8FDC-42A3-9474-1A3956D46DE8}") = "src", "src", "{A6E9F118-EFA8-4C61-B094-F048E843E09B}"
EndProject
Project("{2150E333-8FDC-42A3-9474-1A3956D46DE8}") = "tests", "tests", "{73B33188-E499-48B0-BBC0-3BC9A1CEB3F9}"
EndProject
Project("{9A19103F-16F7-4668-BE54-9A1E7A4F7556}") = "ItsyBitseList.Tests", "tests\ItsyBitseList.Tests\ItsyBitseList.Tests.csproj", "{726828C6-EB2C-4E74-9CA3-2EA98A96DC72}"
EndProject
Project("{9A19103F-16F7-4668-BE54-9A1E7A4F7556}") = "ItsyBitseList.Core", "src\ItsyBitseList.Core\ItsyBitseList.Core.csproj", "{A895BC64-603E-4487-8A03-105CBE25292B}"
EndProject
Project("{2150E333-8FDC-42A3-9474-1A3956D46DE8}") = "Solution Items", "Solution Items", "{D3764AAA-A238-4932-BB57-484542973BD4}"
	ProjectSection(SolutionItems) = preProject
		README.md = README.md
	EndProjectSection
EndProject
Project("{9A19103F-16F7-4668-BE54-9A1E7A4F7556}") = "ItsyBitseList.IntegrationTests", "tests\ItsyBitseList.IntegrationTests\ItsyBitseList.IntegrationTests.csproj", "{4A9984D6-10E6-490C-9EC6-62360F32F24B}"
EndProject
Project("{54A90642-561A-4BB1-A94E-469ADEE60C69}") = "itsybitselist.web", "src\itsybitselist.web\itsybitselist.web.esproj", "{93646507-0DC8-4AA2-AFC1-54852153764D}"
EndProject
Project("{2150E333-8FDC-42A3-9474-1A3956D46DE8}") = "Infrastructure", "Infrastructure", "{577F0168-F098-4D22-9A54-CF92102CBB82}"
EndProject
Project("{9A19103F-16F7-4668-BE54-9A1E7A4F7556}") = "ItsyBIT.Utilities.Tests", "tests\ItsyBIT.Utilities.Tests\ItsyBIT.Utilities.Tests.csproj", "{4B5A545B-D831-4FB6-8710-DF6185E01CC2}"
EndProject
Project("{9A19103F-16F7-4668-BE54-9A1E7A4F7556}") = "ItsyBitseList.Infrastructure", "src\ItsyBitseList.Infrastructure\ItsyBitseList.Infrastructure.csproj", "{F87D9A8E-4B68-4752-B2A9-5060833415DF}"
EndProject
Project("{9A19103F-16F7-4668-BE54-9A1E7A4F7556}") = "ItsyBitseList.Api", "src\ItsyBitseList.Api\ItsyBitseList.Api.csproj", "{18768032-8A6E-42FF-8AD2-76967D2EEB6D}"
EndProject
Project("{9A19103F-16F7-4668-BE54-9A1E7A4F7556}") = "ItsyBIT.Utilities", "src\ItsyBIT.Utilities\ItsyBIT.Utilities.csproj", "{68FFF87E-0A8E-4603-A79C-16626852BFDF}"
EndProject
Project("{9A19103F-16F7-4668-BE54-9A1E7A4F7556}") = "WishlistFunctionApp", "src\WishlistFunctionApp\WishlistFunctionApp.csproj", "{F7EE55A9-BD22-445A-8D87-DEFC0E88F163}"
EndProject
Global
	GlobalSection(SolutionConfigurationPlatforms) = preSolution
		Debug|Any CPU = Debug|Any CPU
		Release|Any CPU = Release|Any CPU
	EndGlobalSection
	GlobalSection(ProjectConfigurationPlatforms) = postSolution
		{726828C6-EB2C-4E74-9CA3-2EA98A96DC72}.Debug|Any CPU.ActiveCfg = Debug|Any CPU
		{726828C6-EB2C-4E74-9CA3-2EA98A96DC72}.Debug|Any CPU.Build.0 = Debug|Any CPU
		{726828C6-EB2C-4E74-9CA3-2EA98A96DC72}.Release|Any CPU.ActiveCfg = Release|Any CPU
		{726828C6-EB2C-4E74-9CA3-2EA98A96DC72}.Release|Any CPU.Build.0 = Release|Any CPU
		{A895BC64-603E-4487-8A03-105CBE25292B}.Debug|Any CPU.ActiveCfg = Debug|Any CPU
		{A895BC64-603E-4487-8A03-105CBE25292B}.Debug|Any CPU.Build.0 = Debug|Any CPU
		{A895BC64-603E-4487-8A03-105CBE25292B}.Release|Any CPU.ActiveCfg = Release|Any CPU
		{A895BC64-603E-4487-8A03-105CBE25292B}.Release|Any CPU.Build.0 = Release|Any CPU
		{4A9984D6-10E6-490C-9EC6-62360F32F24B}.Debug|Any CPU.ActiveCfg = Debug|Any CPU
		{4A9984D6-10E6-490C-9EC6-62360F32F24B}.Debug|Any CPU.Build.0 = Debug|Any CPU
		{4A9984D6-10E6-490C-9EC6-62360F32F24B}.Release|Any CPU.ActiveCfg = Release|Any CPU
		{4A9984D6-10E6-490C-9EC6-62360F32F24B}.Release|Any CPU.Build.0 = Release|Any CPU
		{93646507-0DC8-4AA2-AFC1-54852153764D}.Debug|Any CPU.ActiveCfg = Debug|Any CPU
		{93646507-0DC8-4AA2-AFC1-54852153764D}.Debug|Any CPU.Build.0 = Debug|Any CPU
		{93646507-0DC8-4AA2-AFC1-54852153764D}.Debug|Any CPU.Deploy.0 = Debug|Any CPU
		{93646507-0DC8-4AA2-AFC1-54852153764D}.Release|Any CPU.ActiveCfg = Release|Any CPU
		{93646507-0DC8-4AA2-AFC1-54852153764D}.Release|Any CPU.Build.0 = Release|Any CPU
		{93646507-0DC8-4AA2-AFC1-54852153764D}.Release|Any CPU.Deploy.0 = Release|Any CPU
		{4B5A545B-D831-4FB6-8710-DF6185E01CC2}.Debug|Any CPU.ActiveCfg = Debug|Any CPU
		{4B5A545B-D831-4FB6-8710-DF6185E01CC2}.Debug|Any CPU.Build.0 = Debug|Any CPU
		{4B5A545B-D831-4FB6-8710-DF6185E01CC2}.Release|Any CPU.ActiveCfg = Release|Any CPU
		{4B5A545B-D831-4FB6-8710-DF6185E01CC2}.Release|Any CPU.Build.0 = Release|Any CPU
		{F87D9A8E-4B68-4752-B2A9-5060833415DF}.Debug|Any CPU.ActiveCfg = Debug|Any CPU
		{F87D9A8E-4B68-4752-B2A9-5060833415DF}.Debug|Any CPU.Build.0 = Debug|Any CPU
		{F87D9A8E-4B68-4752-B2A9-5060833415DF}.Release|Any CPU.ActiveCfg = Release|Any CPU
		{F87D9A8E-4B68-4752-B2A9-5060833415DF}.Release|Any CPU.Build.0 = Release|Any CPU
		{18768032-8A6E-42FF-8AD2-76967D2EEB6D}.Debug|Any CPU.ActiveCfg = Debug|Any CPU
		{18768032-8A6E-42FF-8AD2-76967D2EEB6D}.Debug|Any CPU.Build.0 = Debug|Any CPU
		{18768032-8A6E-42FF-8AD2-76967D2EEB6D}.Release|Any CPU.ActiveCfg = Release|Any CPU
		{18768032-8A6E-42FF-8AD2-76967D2EEB6D}.Release|Any CPU.Build.0 = Release|Any CPU
		{68FFF87E-0A8E-4603-A79C-16626852BFDF}.Debug|Any CPU.ActiveCfg = Debug|Any CPU
		{68FFF87E-0A8E-4603-A79C-16626852BFDF}.Debug|Any CPU.Build.0 = Debug|Any CPU
		{68FFF87E-0A8E-4603-A79C-16626852BFDF}.Release|Any CPU.ActiveCfg = Release|Any CPU
		{68FFF87E-0A8E-4603-A79C-16626852BFDF}.Release|Any CPU.Build.0 = Release|Any CPU
		{F7EE55A9-BD22-445A-8D87-DEFC0E88F163}.Debug|Any CPU.ActiveCfg = Debug|Any CPU
		{F7EE55A9-BD22-445A-8D87-DEFC0E88F163}.Debug|Any CPU.Build.0 = Debug|Any CPU
		{F7EE55A9-BD22-445A-8D87-DEFC0E88F163}.Release|Any CPU.ActiveCfg = Release|Any CPU
		{F7EE55A9-BD22-445A-8D87-DEFC0E88F163}.Release|Any CPU.Build.0 = Release|Any CPU
	EndGlobalSection
	GlobalSection(SolutionProperties) = preSolution
		HideSolutionNode = FALSE
	EndGlobalSection
	GlobalSection(NestedProjects) = preSolution
		{726828C6-EB2C-4E74-9CA3-2EA98A96DC72} = {73B33188-E499-48B0-BBC0-3BC9A1CEB3F9}
		{A895BC64-603E-4487-8A03-105CBE25292B} = {A6E9F118-EFA8-4C61-B094-F048E843E09B}
		{4A9984D6-10E6-490C-9EC6-62360F32F24B} = {73B33188-E499-48B0-BBC0-3BC9A1CEB3F9}
		{93646507-0DC8-4AA2-AFC1-54852153764D} = {A6E9F118-EFA8-4C61-B094-F048E843E09B}
		{577F0168-F098-4D22-9A54-CF92102CBB82} = {A6E9F118-EFA8-4C61-B094-F048E843E09B}
		{4B5A545B-D831-4FB6-8710-DF6185E01CC2} = {73B33188-E499-48B0-BBC0-3BC9A1CEB3F9}
		{F87D9A8E-4B68-4752-B2A9-5060833415DF} = {577F0168-F098-4D22-9A54-CF92102CBB82}
		{18768032-8A6E-42FF-8AD2-76967D2EEB6D} = {A6E9F118-EFA8-4C61-B094-F048E843E09B}
		{68FFF87E-0A8E-4603-A79C-16626852BFDF} = {A6E9F118-EFA8-4C61-B094-F048E843E09B}
		{F7EE55A9-BD22-445A-8D87-DEFC0E88F163} = {A6E9F118-EFA8-4C61-B094-F048E843E09B}
	EndGlobalSection
	GlobalSection(ExtensibilityGlobals) = postSolution
		SolutionGuid = {F8469EC3-72D2-4CD0-A066-52B880E6152C}
	EndGlobalSection
EndGlobal
